
Microsoft Visual Studio Solution File, Format Version 12.00
# Visual Studio Version 17
VisualStudioVersion = 17.14.36915.13
MinimumVisualStudioVersion = 10.0.40219.1
Project("{FAE04EC0-301F-11D3-BF4B-00C04F79EFBC}") = "SmartHome", "SmartHome.csproj", "{F54F56F0-F8AC-45D2-8A63-DEB2903E41DA}"
EndProject
Project("{FAE04EC0-301F-11D3-BF4B-00C04F79EFBC}") = "SmartHome_Tests", "..\SmartHome_Tests\SmartHome_Tests.csproj", "{96137014-07FE-4C50-BD14-5B13BCC2FE5A}"
EndProject
Global
	GlobalSection(SolutionConfigurationPlatforms) = preSolution
		Debug|Any CPU = Debug|Any CPU
		Release|Any CPU = Release|Any CPU
	EndGlobalSection
	GlobalSection(ProjectConfigurationPlatforms) = postSolution
		{F54F56F0-F8AC-45D2-8A63-DEB2903E41DA}.Debug|Any CPU.ActiveCfg = Debug|Any CPU
		{F54F56F0-F8AC-45D2-8A63-DEB2903E41DA}.Debug|Any CPU.Build.0 = Debug|Any CPU
		{F54F56F0-F8AC-45D2-8A63-DEB2903E41DA}.Release|Any CPU.ActiveCfg = Release|Any CPU
		{F54F56F0-F8AC-45D2-8A63-DEB2903E41DA}.Release|Any CPU.Build.0 = Release|Any CPU
		{96137014-07FE-4C50-BD14-5B13BCC2FE5A}.Debug|Any CPU.ActiveCfg = Debug|Any CPU
		{96137014-07FE-4C50-BD14-5B13BCC2FE5A}.Debug|Any CPU.Build.0 = Debug|Any CPU
		{96137014-07FE-4C50-BD14-5B13BCC2FE5A}.Release|Any CPU.ActiveCfg = Release|Any CPU
		{96137014-07FE-4C50-BD14-5B13BCC2FE5A}.Release|Any CPU.Build.0 = Release|Any CPU
	EndGlobalSection
	GlobalSection(SolutionProperties) = preSolution
		HideSolutionNode = FALSE
	EndGlobalSection
	GlobalSection(ExtensibilityGlobals) = postSolution
		SolutionGuid = {F96C8929-F3E2-428A-AB98-B13739B55338}
	EndGlobalSection
EndGlobal
